
Microsoft Visual Studio Solution File, Format Version 12.00
# Visual Studio 15
VisualStudioVersion = 15.0.27130.2027
MinimumVisualStudioVersion = 10.0.40219.1
Project("{FAE04EC0-301F-11D3-BF4B-00C04F79EFBC}") = "MultiClip", "MultiClip\MultiClip.csproj", "{2FFBBCD1-377F-42B7-B9EF-90F750AE378E}"
EndProject
Project("{FAE04EC0-301F-11D3-BF4B-00C04F79EFBC}") = "UComponents", "UComponents\UComponents.csproj", "{5F57A661-96E8-4143-B248-92E970351DB2}"
EndProject
Project("{8BC9CEB8-8B4A-11D0-8D11-00A0C91BC942}") = "MultiClipDeskband", "MultiClipDeskband\MultiClipDeskband.vcxproj", "{B26AEA43-03B8-423F-89CB-3BAA7454575E}"
EndProject
Project("{54435603-DBB4-11D2-8724-00A0C9A8B90C}") = "MultiClipSetup", "MultiClipSetup\MultiClipSetup.vdproj", "{6F2C0201-04D7-4BF8-85D0-231464C04229}"
EndProject
Project("{FAE04EC0-301F-11D3-BF4B-00C04F79EFBC}") = "CustomActions", "CustomActions\CustomActions.csproj", "{23593939-5F78-43C1-86CC-53DB749DF935}"
EndProject
Global
	GlobalSection(SolutionConfigurationPlatforms) = preSolution
		Debug|Any CPU = Debug|Any CPU
		Debug|x64 = Debug|x64
		Debug|x86 = Debug|x86
		Release|Any CPU = Release|Any CPU
		Release|x64 = Release|x64
		Release|x86 = Release|x86
	EndGlobalSection
	GlobalSection(ProjectConfigurationPlatforms) = postSolution
		{2FFBBCD1-377F-42B7-B9EF-90F750AE378E}.Debug|Any CPU.ActiveCfg = Debug|Any CPU
		{2FFBBCD1-377F-42B7-B9EF-90F750AE378E}.Debug|Any CPU.Build.0 = Debug|Any CPU
		{2FFBBCD1-377F-42B7-B9EF-90F750AE378E}.Debug|x64.ActiveCfg = Debug|Any CPU
		{2FFBBCD1-377F-42B7-B9EF-90F750AE378E}.Debug|x64.Build.0 = Debug|Any CPU
		{2FFBBCD1-377F-42B7-B9EF-90F750AE378E}.Debug|x86.ActiveCfg = Debug|Any CPU
		{2FFBBCD1-377F-42B7-B9EF-90F750AE378E}.Debug|x86.Build.0 = Debug|Any CPU
		{2FFBBCD1-377F-42B7-B9EF-90F750AE378E}.Release|Any CPU.ActiveCfg = Release|Any CPU
		{2FFBBCD1-377F-42B7-B9EF-90F750AE378E}.Release|Any CPU.Build.0 = Release|Any CPU
		{2FFBBCD1-377F-42B7-B9EF-90F750AE378E}.Release|x64.ActiveCfg = Release|Any CPU
		{2FFBBCD1-377F-42B7-B9EF-90F750AE378E}.Release|x64.Build.0 = Release|Any CPU
		{2FFBBCD1-377F-42B7-B9EF-90F750AE378E}.Release|x86.ActiveCfg = Release|Any CPU
		{2FFBBCD1-377F-42B7-B9EF-90F750AE378E}.Release|x86.Build.0 = Release|Any CPU
		{5F57A661-96E8-4143-B248-92E970351DB2}.Debug|Any CPU.ActiveCfg = Debug|Any CPU
		{5F57A661-96E8-4143-B248-92E970351DB2}.Debug|Any CPU.Build.0 = Debug|Any CPU
		{5F57A661-96E8-4143-B248-92E970351DB2}.Debug|x64.ActiveCfg = Debug|Any CPU
		{5F57A661-96E8-4143-B248-92E970351DB2}.Debug|x64.Build.0 = Debug|Any CPU
		{5F57A661-96E8-4143-B248-92E970351DB2}.Debug|x86.ActiveCfg = Debug|Any CPU
		{5F57A661-96E8-4143-B248-92E970351DB2}.Debug|x86.Build.0 = Debug|Any CPU
		{5F57A661-96E8-4143-B248-92E970351DB2}.Release|Any CPU.ActiveCfg = Release|Any CPU
		{5F57A661-96E8-4143-B248-92E970351DB2}.Release|Any CPU.Build.0 = Release|Any CPU
		{5F57A661-96E8-4143-B248-92E970351DB2}.Release|x64.ActiveCfg = Release|Any CPU
		{5F57A661-96E8-4143-B248-92E970351DB2}.Release|x64.Build.0 = Release|Any CPU
		{5F57A661-96E8-4143-B248-92E970351DB2}.Release|x86.ActiveCfg = Release|Any CPU
		{5F57A661-96E8-4143-B248-92E970351DB2}.Release|x86.Build.0 = Release|Any CPU
		{B26AEA43-03B8-423F-89CB-3BAA7454575E}.Debug|Any CPU.ActiveCfg = Debug|Win32
		{B26AEA43-03B8-423F-89CB-3BAA7454575E}.Debug|x64.ActiveCfg = Debug|x64
		{B26AEA43-03B8-423F-89CB-3BAA7454575E}.Debug|x64.Build.0 = Debug|x64
		{B26AEA43-03B8-423F-89CB-3BAA7454575E}.Debug|x86.ActiveCfg = Debug|Win32
		{B26AEA43-03B8-423F-89CB-3BAA7454575E}.Debug|x86.Build.0 = Debug|Win32
		{B26AEA43-03B8-423F-89CB-3BAA7454575E}.Release|Any CPU.ActiveCfg = Release|Win32
		{B26AEA43-03B8-423F-89CB-3BAA7454575E}.Release|x64.ActiveCfg = Release|x64
		{B26AEA43-03B8-423F-89CB-3BAA7454575E}.Release|x64.Build.0 = Release|x64
		{B26AEA43-03B8-423F-89CB-3BAA7454575E}.Release|x86.ActiveCfg = Release|Win32
		{B26AEA43-03B8-423F-89CB-3BAA7454575E}.Release|x86.Build.0 = Release|Win32
		{6F2C0201-04D7-4BF8-85D0-231464C04229}.Debug|Any CPU.ActiveCfg = Debug
		{6F2C0201-04D7-4BF8-85D0-231464C04229}.Debug|x64.ActiveCfg = Debug
		{6F2C0201-04D7-4BF8-85D0-231464C04229}.Debug|x86.ActiveCfg = Debug
		{6F2C0201-04D7-4BF8-85D0-231464C04229}.Release|Any CPU.ActiveCfg = Release
		{6F2C0201-04D7-4BF8-85D0-231464C04229}.Release|x64.ActiveCfg = Release
		{6F2C0201-04D7-4BF8-85D0-231464C04229}.Release|x86.ActiveCfg = Release
		{23593939-5F78-43C1-86CC-53DB749DF935}.Debug|Any CPU.ActiveCfg = Debug|Any CPU
		{23593939-5F78-43C1-86CC-53DB749DF935}.Debug|Any CPU.Build.0 = Debug|Any CPU
		{23593939-5F78-43C1-86CC-53DB749DF935}.Debug|x64.ActiveCfg = Debug|Any CPU
		{23593939-5F78-43C1-86CC-53DB749DF935}.Debug|x64.Build.0 = Debug|Any CPU
		{23593939-5F78-43C1-86CC-53DB749DF935}.Debug|x86.ActiveCfg = Debug|Any CPU
		{23593939-5F78-43C1-86CC-53DB749DF935}.Debug|x86.Build.0 = Debug|Any CPU
		{23593939-5F78-43C1-86CC-53DB749DF935}.Release|Any CPU.ActiveCfg = Release|Any CPU
		{23593939-5F78-43C1-86CC-53DB749DF935}.Release|Any CPU.Build.0 = Release|Any CPU
		{23593939-5F78-43C1-86CC-53DB749DF935}.Release|x64.ActiveCfg = Release|Any CPU
		{23593939-5F78-43C1-86CC-53DB749DF935}.Release|x64.Build.0 = Release|Any CPU
		{23593939-5F78-43C1-86CC-53DB749DF935}.Release|x86.ActiveCfg = Release|Any CPU
		{23593939-5F78-43C1-86CC-53DB749DF935}.Release|x86.Build.0 = Release|Any CPU
	EndGlobalSection
	GlobalSection(SolutionProperties) = preSolution
		HideSolutionNode = FALSE
	EndGlobalSection
	GlobalSection(ExtensibilityGlobals) = postSolution
		SolutionGuid = {C1F5F43C-600E-4682-B4B8-72B31BD22969}
	EndGlobalSection
EndGlobal
